
Microsoft Visual Studio Solution File, Format Version 12.00
# Visual Studio Version 17
VisualStudioVersion = 17.7.34221.43
MinimumVisualStudioVersion = 10.0.40219.1
Project("{9A19103F-16F7-4668-BE54-9A1E7A4F7556}") = "BUS", "BUS.csproj", "{0AEE1D7F-859F-40F9-B6F0-08F2D6FDCA7B}"
EndProject
Project("{9A19103F-16F7-4668-BE54-9A1E7A4F7556}") = "DAL", "..\ClassLibrary1\DAL.csproj", "{104A2592-408E-47FF-9CBA-F751212163A0}"
EndProject
Project("{FAE04EC0-301F-11D3-BF4B-00C04F79EFBC}") = "DTO", "..\DTO\DTO.csproj", "{7D16A745-062B-49A8-94D2-3BAFFEFDB9A8}"
EndProject
Project("{FAE04EC0-301F-11D3-BF4B-00C04F79EFBC}") = "GUI", "..\GUI\GUI.csproj", "{F2873E84-6009-49CF-B2DA-7BFF3FA6ADC0}"
EndProject
Global
	GlobalSection(SolutionConfigurationPlatforms) = preSolution
		Debug|Any CPU = Debug|Any CPU
		Release|Any CPU = Release|Any CPU
	EndGlobalSection
	GlobalSection(ProjectConfigurationPlatforms) = postSolution
		{0AEE1D7F-859F-40F9-B6F0-08F2D6FDCA7B}.Debug|Any CPU.ActiveCfg = Debug|Any CPU
		{0AEE1D7F-859F-40F9-B6F0-08F2D6FDCA7B}.Debug|Any CPU.Build.0 = Debug|Any CPU
		{0AEE1D7F-859F-40F9-B6F0-08F2D6FDCA7B}.Release|Any CPU.ActiveCfg = Release|Any CPU
		{0AEE1D7F-859F-40F9-B6F0-08F2D6FDCA7B}.Release|Any CPU.Build.0 = Release|Any CPU
		{104A2592-408E-47FF-9CBA-F751212163A0}.Debug|Any CPU.ActiveCfg = Debug|Any CPU
		{104A2592-408E-47FF-9CBA-F751212163A0}.Debug|Any CPU.Build.0 = Debug|Any CPU
		{104A2592-408E-47FF-9CBA-F751212163A0}.Release|Any CPU.ActiveCfg = Release|Any CPU
		{104A2592-408E-47FF-9CBA-F751212163A0}.Release|Any CPU.Build.0 = Release|Any CPU
		{7D16A745-062B-49A8-94D2-3BAFFEFDB9A8}.Debug|Any CPU.ActiveCfg = Debug|Any CPU
		{7D16A745-062B-49A8-94D2-3BAFFEFDB9A8}.Debug|Any CPU.Build.0 = Debug|Any CPU
		{7D16A745-062B-49A8-94D2-3BAFFEFDB9A8}.Release|Any CPU.ActiveCfg = Release|Any CPU
		{7D16A745-062B-49A8-94D2-3BAFFEFDB9A8}.Release|Any CPU.Build.0 = Release|Any CPU
		{F2873E84-6009-49CF-B2DA-7BFF3FA6ADC0}.Debug|Any CPU.ActiveCfg = Debug|Any CPU
		{F2873E84-6009-49CF-B2DA-7BFF3FA6ADC0}.Debug|Any CPU.Build.0 = Debug|Any CPU
		{F2873E84-6009-49CF-B2DA-7BFF3FA6ADC0}.Release|Any CPU.ActiveCfg = Release|Any CPU
		{F2873E84-6009-49CF-B2DA-7BFF3FA6ADC0}.Release|Any CPU.Build.0 = Release|Any CPU
	EndGlobalSection
	GlobalSection(SolutionProperties) = preSolution
		HideSolutionNode = FALSE
	EndGlobalSection
	GlobalSection(ExtensibilityGlobals) = postSolution
		SolutionGuid = {8506CEAC-B02A-4008-92FD-4B30401A2C04}
	EndGlobalSection
EndGlobal
